
Microsoft Visual Studio Solution File, Format Version 12.00
# Visual Studio Version 17
VisualStudioVersion = 17.13.35818.85 d17.13
MinimumVisualStudioVersion = 10.0.40219.1
Project("{FAE04EC0-301F-11D3-BF4B-00C04F79EFBC}") = "CrypticCatacombs", "CrypticCatacombs\CrypticCatacombs.csproj", "{ADFB383B-4A76-4A23-AE5F-16C59D4A912F}"
EndProject
Global
	GlobalSection(SolutionConfigurationPlatforms) = preSolution
		Debug|Any CPU = Debug|Any CPU
		Release|Any CPU = Release|Any CPU
	EndGlobalSection
	GlobalSection(ProjectConfigurationPlatforms) = postSolution
		{ADFB383B-4A76-4A23-AE5F-16C59D4A912F}.Debug|Any CPU.ActiveCfg = Debug|Any CPU
		{ADFB383B-4A76-4A23-AE5F-16C59D4A912F}.Debug|Any CPU.Build.0 = Debug|Any CPU
		{ADFB383B-4A76-4A23-AE5F-16C59D4A912F}.Release|Any CPU.ActiveCfg = Release|Any CPU
		{ADFB383B-4A76-4A23-AE5F-16C59D4A912F}.Release|Any CPU.Build.0 = Release|Any CPU
	EndGlobalSection
	GlobalSection(SolutionProperties) = preSolution
		HideSolutionNode = FALSE
	EndGlobalSection
	GlobalSection(ExtensibilityGlobals) = postSolution
		SolutionGuid = {12C575C2-5856-460A-8617-F3BFC7AF10A4}
	EndGlobalSection
EndGlobal
